
Microsoft Visual Studio Solution File, Format Version 12.00
# Visual Studio Version 17
VisualStudioVersion = 17.0.31903.59
MinimumVisualStudioVersion = 10.0.40219.1
Project("{FAE04EC0-301F-11D3-BF4B-00C04F79EFBC}") = "MentalHealth.API", "MentalHealth.API\MentalHealth.API.csproj", "{5D4A9DAC-BB97-4E3D-A2DC-0EB39DDF71EA}"
EndProject
Project("{FAE04EC0-301F-11D3-BF4B-00C04F79EFBC}") = "MentalHealth.Service", "MentalHealth.Service\MentalHealth.Service.csproj", "{15EFE91F-CC90-4055-931B-372A85F93048}"
EndProject
Project("{FAE04EC0-301F-11D3-BF4B-00C04F79EFBC}") = "MentalHealth.Repository", "MentalHealth.Repository\MentalHealth.Repository.csproj", "{4BB54A9D-E107-4ABD-BF23-72B6E52CD973}"
EndProject
Project("{FAE04EC0-301F-11D3-BF4B-00C04F79EFBC}") = "MentalHealth.Shared", "MentalHealth.Shared\MentalHealth.Shared.csproj", "{4AB0C6D5-3B1B-440D-84C6-EE7AAE410BC8}"
EndProject
Global
	GlobalSection(SolutionConfigurationPlatforms) = preSolution
		Debug|Any CPU = Debug|Any CPU
		Debug|x64 = Debug|x64
		Debug|x86 = Debug|x86
		Release|Any CPU = Release|Any CPU
		Release|x64 = Release|x64
		Release|x86 = Release|x86
	EndGlobalSection
	GlobalSection(ProjectConfigurationPlatforms) = postSolution
		{5D4A9DAC-BB97-4E3D-A2DC-0EB39DDF71EA}.Debug|Any CPU.ActiveCfg = Debug|Any CPU
		{5D4A9DAC-BB97-4E3D-A2DC-0EB39DDF71EA}.Debug|Any CPU.Build.0 = Debug|Any CPU
		{5D4A9DAC-BB97-4E3D-A2DC-0EB39DDF71EA}.Debug|x64.ActiveCfg = Debug|Any CPU
		{5D4A9DAC-BB97-4E3D-A2DC-0EB39DDF71EA}.Debug|x64.Build.0 = Debug|Any CPU
		{5D4A9DAC-BB97-4E3D-A2DC-0EB39DDF71EA}.Debug|x86.ActiveCfg = Debug|Any CPU
		{5D4A9DAC-BB97-4E3D-A2DC-0EB39DDF71EA}.Debug|x86.Build.0 = Debug|Any CPU
		{5D4A9DAC-BB97-4E3D-A2DC-0EB39DDF71EA}.Release|Any CPU.ActiveCfg = Release|Any CPU
		{5D4A9DAC-BB97-4E3D-A2DC-0EB39DDF71EA}.Release|Any CPU.Build.0 = Release|Any CPU
		{5D4A9DAC-BB97-4E3D-A2DC-0EB39DDF71EA}.Release|x64.ActiveCfg = Release|Any CPU
		{5D4A9DAC-BB97-4E3D-A2DC-0EB39DDF71EA}.Release|x64.Build.0 = Release|Any CPU
		{5D4A9DAC-BB97-4E3D-A2DC-0EB39DDF71EA}.Release|x86.ActiveCfg = Release|Any CPU
		{5D4A9DAC-BB97-4E3D-A2DC-0EB39DDF71EA}.Release|x86.Build.0 = Release|Any CPU
		{15EFE91F-CC90-4055-931B-372A85F93048}.Debug|Any CPU.ActiveCfg = Debug|Any CPU
		{15EFE91F-CC90-4055-931B-372A85F93048}.Debug|Any CPU.Build.0 = Debug|Any CPU
		{15EFE91F-CC90-4055-931B-372A85F93048}.Debug|x64.ActiveCfg = Debug|Any CPU
		{15EFE91F-CC90-4055-931B-372A85F93048}.Debug|x64.Build.0 = Debug|Any CPU
		{15EFE91F-CC90-4055-931B-372A85F93048}.Debug|x86.ActiveCfg = Debug|Any CPU
		{15EFE91F-CC90-4055-931B-372A85F93048}.Debug|x86.Build.0 = Debug|Any CPU
		{15EFE91F-CC90-4055-931B-372A85F93048}.Release|Any CPU.ActiveCfg = Release|Any CPU
		{15EFE91F-CC90-4055-931B-372A85F93048}.Release|Any CPU.Build.0 = Release|Any CPU
		{15EFE91F-CC90-4055-931B-372A85F93048}.Release|x64.ActiveCfg = Release|Any CPU
		{15EFE91F-CC90-4055-931B-372A85F93048}.Release|x64.Build.0 = Release|Any CPU
		{15EFE91F-CC90-4055-931B-372A85F93048}.Release|x86.ActiveCfg = Release|Any CPU
		{15EFE91F-CC90-4055-931B-372A85F93048}.Release|x86.Build.0 = Release|Any CPU
		{4BB54A9D-E107-4ABD-BF23-72B6E52CD973}.Debug|Any CPU.ActiveCfg = Debug|Any CPU
		{4BB54A9D-E107-4ABD-BF23-72B6E52CD973}.Debug|Any CPU.Build.0 = Debug|Any CPU
		{4BB54A9D-E107-4ABD-BF23-72B6E52CD973}.Debug|x64.ActiveCfg = Debug|Any CPU
		{4BB54A9D-E107-4ABD-BF23-72B6E52CD973}.Debug|x64.Build.0 = Debug|Any CPU
		{4BB54A9D-E107-4ABD-BF23-72B6E52CD973}.Debug|x86.ActiveCfg = Debug|Any CPU
		{4BB54A9D-E107-4ABD-BF23-72B6E52CD973}.Debug|x86.Build.0 = Debug|Any CPU
		{4BB54A9D-E107-4ABD-BF23-72B6E52CD973}.Release|Any CPU.ActiveCfg = Release|Any CPU
		{4BB54A9D-E107-4ABD-BF23-72B6E52CD973}.Release|Any CPU.Build.0 = Release|Any CPU
		{4BB54A9D-E107-4ABD-BF23-72B6E52CD973}.Release|x64.ActiveCfg = Release|Any CPU
		{4BB54A9D-E107-4ABD-BF23-72B6E52CD973}.Release|x64.Build.0 = Release|Any CPU
		{4BB54A9D-E107-4ABD-BF23-72B6E52CD973}.Release|x86.ActiveCfg = Release|Any CPU
		{4BB54A9D-E107-4ABD-BF23-72B6E52CD973}.Release|x86.Build.0 = Release|Any CPU
		{4AB0C6D5-3B1B-440D-84C6-EE7AAE410BC8}.Debug|Any CPU.ActiveCfg = Debug|Any CPU
		{4AB0C6D5-3B1B-440D-84C6-EE7AAE410BC8}.Debug|Any CPU.Build.0 = Debug|Any CPU
		{4AB0C6D5-3B1B-440D-84C6-EE7AAE410BC8}.Debug|x64.ActiveCfg = Debug|Any CPU
		{4AB0C6D5-3B1B-440D-84C6-EE7AAE410BC8}.Debug|x64.Build.0 = Debug|Any CPU
		{4AB0C6D5-3B1B-440D-84C6-EE7AAE410BC8}.Debug|x86.ActiveCfg = Debug|Any CPU
		{4AB0C6D5-3B1B-440D-84C6-EE7AAE410BC8}.Debug|x86.Build.0 = Debug|Any CPU
		{4AB0C6D5-3B1B-440D-84C6-EE7AAE410BC8}.Release|Any CPU.ActiveCfg = Release|Any CPU
		{4AB0C6D5-3B1B-440D-84C6-EE7AAE410BC8}.Release|Any CPU.Build.0 = Release|Any CPU
		{4AB0C6D5-3B1B-440D-84C6-EE7AAE410BC8}.Release|x64.ActiveCfg = Release|Any CPU
		{4AB0C6D5-3B1B-440D-84C6-EE7AAE410BC8}.Release|x64.Build.0 = Release|Any CPU
		{4AB0C6D5-3B1B-440D-84C6-EE7AAE410BC8}.Release|x86.ActiveCfg = Release|Any CPU
		{4AB0C6D5-3B1B-440D-84C6-EE7AAE410BC8}.Release|x86.Build.0 = Release|Any CPU
	EndGlobalSection
	GlobalSection(SolutionProperties) = preSolution
		HideSolutionNode = FALSE
	EndGlobalSection
EndGlobal
